
Microsoft Visual Studio Solution File, Format Version 12.00
# Visual Studio 15
VisualStudioVersion = 15.0.28307.1433
MinimumVisualStudioVersion = 10.0.40219.1
Project("{262852C6-CD72-467D-83FE-5EEB1973A190}") = "LavadoraNG", "LavadoraNG\LavadoraNG.jsproj", "{9155AF78-FEE4-492A-8CF6-24A27F1AEE1D}"
EndProject
Global
	GlobalSection(SolutionConfigurationPlatforms) = preSolution
		Debug|Android = Debug|Android
		Debug|iOS = Debug|iOS
		Debug|Windows-ARM = Debug|Windows-ARM
		Debug|Windows-x64 = Debug|Windows-x64
		Debug|Windows-x86 = Debug|Windows-x86
		Release|Android = Release|Android
		Release|iOS = Release|iOS
		Release|Windows-ARM = Release|Windows-ARM
		Release|Windows-x64 = Release|Windows-x64
		Release|Windows-x86 = Release|Windows-x86
	EndGlobalSection
	GlobalSection(ProjectConfigurationPlatforms) = postSolution
		{9155AF78-FEE4-492A-8CF6-24A27F1AEE1D}.Debug|Android.ActiveCfg = Debug|Android
		{9155AF78-FEE4-492A-8CF6-24A27F1AEE1D}.Debug|Android.Build.0 = Debug|Android
		{9155AF78-FEE4-492A-8CF6-24A27F1AEE1D}.Debug|Android.Deploy.0 = Debug|Android
		{9155AF78-FEE4-492A-8CF6-24A27F1AEE1D}.Debug|iOS.ActiveCfg = Debug|iOS
		{9155AF78-FEE4-492A-8CF6-24A27F1AEE1D}.Debug|iOS.Build.0 = Debug|iOS
		{9155AF78-FEE4-492A-8CF6-24A27F1AEE1D}.Debug|iOS.Deploy.0 = Debug|iOS
		{9155AF78-FEE4-492A-8CF6-24A27F1AEE1D}.Debug|Windows-ARM.ActiveCfg = Debug|Windows-ARM
		{9155AF78-FEE4-492A-8CF6-24A27F1AEE1D}.Debug|Windows-ARM.Build.0 = Debug|Windows-ARM
		{9155AF78-FEE4-492A-8CF6-24A27F1AEE1D}.Debug|Windows-ARM.Deploy.0 = Debug|Windows-ARM
		{9155AF78-FEE4-492A-8CF6-24A27F1AEE1D}.Debug|Windows-x64.ActiveCfg = Debug|Windows-x64
		{9155AF78-FEE4-492A-8CF6-24A27F1AEE1D}.Debug|Windows-x64.Build.0 = Debug|Windows-x64
		{9155AF78-FEE4-492A-8CF6-24A27F1AEE1D}.Debug|Windows-x64.Deploy.0 = Debug|Windows-x64
		{9155AF78-FEE4-492A-8CF6-24A27F1AEE1D}.Debug|Windows-x86.ActiveCfg = Debug|Windows-x86
		{9155AF78-FEE4-492A-8CF6-24A27F1AEE1D}.Debug|Windows-x86.Build.0 = Debug|Windows-x86
		{9155AF78-FEE4-492A-8CF6-24A27F1AEE1D}.Debug|Windows-x86.Deploy.0 = Debug|Windows-x86
		{9155AF78-FEE4-492A-8CF6-24A27F1AEE1D}.Release|Android.ActiveCfg = Release|Android
		{9155AF78-FEE4-492A-8CF6-24A27F1AEE1D}.Release|Android.Build.0 = Release|Android
		{9155AF78-FEE4-492A-8CF6-24A27F1AEE1D}.Release|Android.Deploy.0 = Release|Android
		{9155AF78-FEE4-492A-8CF6-24A27F1AEE1D}.Release|iOS.ActiveCfg = Release|iOS
		{9155AF78-FEE4-492A-8CF6-24A27F1AEE1D}.Release|iOS.Build.0 = Release|iOS
		{9155AF78-FEE4-492A-8CF6-24A27F1AEE1D}.Release|iOS.Deploy.0 = Release|iOS
		{9155AF78-FEE4-492A-8CF6-24A27F1AEE1D}.Release|Windows-ARM.ActiveCfg = Release|Windows-ARM
		{9155AF78-FEE4-492A-8CF6-24A27F1AEE1D}.Release|Windows-ARM.Build.0 = Release|Windows-ARM
		{9155AF78-FEE4-492A-8CF6-24A27F1AEE1D}.Release|Windows-ARM.Deploy.0 = Release|Windows-ARM
		{9155AF78-FEE4-492A-8CF6-24A27F1AEE1D}.Release|Windows-x64.ActiveCfg = Release|Windows-x64
		{9155AF78-FEE4-492A-8CF6-24A27F1AEE1D}.Release|Windows-x64.Build.0 = Release|Windows-x64
		{9155AF78-FEE4-492A-8CF6-24A27F1AEE1D}.Release|Windows-x64.Deploy.0 = Release|Windows-x64
		{9155AF78-FEE4-492A-8CF6-24A27F1AEE1D}.Release|Windows-x86.ActiveCfg = Release|Windows-x86
		{9155AF78-FEE4-492A-8CF6-24A27F1AEE1D}.Release|Windows-x86.Build.0 = Release|Windows-x86
		{9155AF78-FEE4-492A-8CF6-24A27F1AEE1D}.Release|Windows-x86.Deploy.0 = Release|Windows-x86
	EndGlobalSection
	GlobalSection(SolutionProperties) = preSolution
		HideSolutionNode = FALSE
	EndGlobalSection
	GlobalSection(ExtensibilityGlobals) = postSolution
		SolutionGuid = {14B3F6D2-84B9-4CFB-8711-345EA7C1CA1C}
	EndGlobalSection
EndGlobal
